
Microsoft Visual Studio Solution File, Format Version 12.00
# Visual Studio 15
VisualStudioVersion = 15.0.27428.2005
MinimumVisualStudioVersion = 10.0.40219.1
Project("{FAE04EC0-301F-11D3-BF4B-00C04F79EFBC}") = "PrimeiroProjetoMVC", "PrimeiroProjetoMVC\PrimeiroProjetoMVC.csproj", "{BA39888C-E896-4939-8C56-8C541979F132}"
EndProject
Global
	GlobalSection(SolutionConfigurationPlatforms) = preSolution
		Debug|Any CPU = Debug|Any CPU
		Release|Any CPU = Release|Any CPU
	EndGlobalSection
	GlobalSection(ProjectConfigurationPlatforms) = postSolution
		{BA39888C-E896-4939-8C56-8C541979F132}.Debug|Any CPU.ActiveCfg = Debug|Any CPU
		{BA39888C-E896-4939-8C56-8C541979F132}.Debug|Any CPU.Build.0 = Debug|Any CPU
		{BA39888C-E896-4939-8C56-8C541979F132}.Release|Any CPU.ActiveCfg = Release|Any CPU
		{BA39888C-E896-4939-8C56-8C541979F132}.Release|Any CPU.Build.0 = Release|Any CPU
	EndGlobalSection
	GlobalSection(SolutionProperties) = preSolution
		HideSolutionNode = FALSE
	EndGlobalSection
	GlobalSection(ExtensibilityGlobals) = postSolution
		SolutionGuid = {5409E96C-7F8F-44E3-91DC-58C0CB387E4F}
	EndGlobalSection
EndGlobal
